// !$*UTF8*$!
{
	archiveVersion = 1;
	classes = {
	};
	objectVersion = 55;
	objects = {

/* Begin PBXBuildFile section */
		4315FB922801DAEE0086168B /* E_Commerce_DemoApp.swift in Sources */ = {isa = PBXBuildFile; fileRef = 4315FB912801DAEE0086168B /* E_Commerce_DemoApp.swift */; };
		4315FB942801DAEE0086168B /* ContentView.swift in Sources */ = {isa = PBXBuildFile; fileRef = 4315FB932801DAEE0086168B /* ContentView.swift */; };
		4315FB962801DAF00086168B /* Assets.xcassets in Resources */ = {isa = PBXBuildFile; fileRef = 4315FB952801DAF00086168B /* Assets.xcassets */; };
		4315FB992801DAF00086168B /* Preview Assets.xcassets in Resources */ = {isa = PBXBuildFile; fileRef = 4315FB982801DAF00086168B /* Preview Assets.xcassets */; };
		4315FBA72801DDEB0086168B /* OnBoardingPage.swift in Sources */ = {isa = PBXBuildFile; fileRef = 4315FBA62801DDEB0086168B /* OnBoardingPage.swift */; };
		4353EDBE2809642400711D6E /* LoginPage.swift in Sources */ = {isa = PBXBuildFile; fileRef = 4353EDBD2809642400711D6E /* LoginPage.swift */; };
		4353EDC12809644D00711D6E /* LoginPageModel.swift in Sources */ = {isa = PBXBuildFile; fileRef = 4353EDC02809644D00711D6E /* LoginPageModel.swift */; };
		4353EDC3280966C300711D6E /* CustonCorners.swift in Sources */ = {isa = PBXBuildFile; fileRef = 4353EDC2280966C300711D6E /* CustonCorners.swift */; };
		4353EDC52809785200711D6E /* MainPage.swift in Sources */ = {isa = PBXBuildFile; fileRef = 4353EDC42809785200711D6E /* MainPage.swift */; };
		4353EDC828097DAB00711D6E /* Home.swift in Sources */ = {isa = PBXBuildFile; fileRef = 4353EDC728097DAB00711D6E /* Home.swift */; };
		4353EDCB280980DA00711D6E /* Product.swift in Sources */ = {isa = PBXBuildFile; fileRef = 4353EDCA280980DA00711D6E /* Product.swift */; };
		4353EDCD2809FADF00711D6E /* HomeViewModel.swift in Sources */ = {isa = PBXBuildFile; fileRef = 4353EDCC2809FADF00711D6E /* HomeViewModel.swift */; };
		4353EDCF280A0BA300711D6E /* MoreProductsView.swift in Sources */ = {isa = PBXBuildFile; fileRef = 4353EDCE280A0BA300711D6E /* MoreProductsView.swift */; };
		4353EDD1280A0E8500711D6E /* SearchView.swift in Sources */ = {isa = PBXBuildFile; fileRef = 4353EDD0280A0E8500711D6E /* SearchView.swift */; };
		4353EDF5280F4B8100711D6E /* StaggeredGrid.swift in Sources */ = {isa = PBXBuildFile; fileRef = 4353EDF4280F4B8000711D6E /* StaggeredGrid.swift */; };
		4353EDF728119C3C00711D6E /* ProfilePage.swift in Sources */ = {isa = PBXBuildFile; fileRef = 4353EDF628119C3C00711D6E /* ProfilePage.swift */; };
		43ADBAC228133E6500DD6E86 /* LikedPage.swift in Sources */ = {isa = PBXBuildFile; fileRef = 43ADBAC128133E6500DD6E86 /* LikedPage.swift */; };
		43ADBAC428133E8700DD6E86 /* CartPage.swift in Sources */ = {isa = PBXBuildFile; fileRef = 43ADBAC328133E8700DD6E86 /* CartPage.swift */; };
		43EAC7E42811F46A00101B4F /* ProductDetailView.swift in Sources */ = {isa = PBXBuildFile; fileRef = 43EAC7E32811F46A00101B4F /* ProductDetailView.swift */; };
		43EAC7E62811F49A00101B4F /* SharedDataModel.swift in Sources */ = {isa = PBXBuildFile; fileRef = 43EAC7E52811F49A00101B4F /* SharedDataModel.swift */; };
/* End PBXBuildFile section */

/* Begin PBXFileReference section */
		4315FB8E2801DAEE0086168B /* E-Commerce-Demo.app */ = {isa = PBXFileReference; explicitFileType = wrapper.application; includeInIndex = 0; path = "E-Commerce-Demo.app"; sourceTree = BUILT_PRODUCTS_DIR; };
		4315FB912801DAEE0086168B /* E_Commerce_DemoApp.swift */ = {isa = PBXFileReference; lastKnownFileType = sourcecode.swift; path = E_Commerce_DemoApp.swift; sourceTree = "<group>"; };
		4315FB932801DAEE0086168B /* ContentView.swift */ = {isa = PBXFileReference; lastKnownFileType = sourcecode.swift; path = ContentView.swift; sourceTree = "<group>"; };
		4315FB952801DAF00086168B /* Assets.xcassets */ = {isa = PBXFileReference; lastKnownFileType = folder.assetcatalog; path = Assets.xcassets; sourceTree = "<group>"; };
		4315FB982801DAF00086168B /* Preview Assets.xcassets */ = {isa = PBXFileReference; lastKnownFileType = folder.assetcatalog; path = "Preview Assets.xcassets"; sourceTree = "<group>"; };
		4315FBA12801DC980086168B /* Raleway-Bold.ttf */ = {isa = PBXFileReference; lastKnownFileType = file; path = "Raleway-Bold.ttf"; sourceTree = "<group>"; };
		4315FBA22801DCAD0086168B /* Raleway-SemiBold.ttf */ = {isa = PBXFileReference; lastKnownFileType = file; path = "Raleway-SemiBold.ttf"; sourceTree = "<group>"; };
		4315FBA32801DCBD0086168B /* Raleway-Regular.ttf */ = {isa = PBXFileReference; lastKnownFileType = file; path = "Raleway-Regular.ttf"; sourceTree = "<group>"; };
		4315FBA42801DCFA0086168B /* Info.plist */ = {isa = PBXFileReference; lastKnownFileType = text.plist; path = Info.plist; sourceTree = "<group>"; };
		4315FBA62801DDEB0086168B /* OnBoardingPage.swift */ = {isa = PBXFileReference; lastKnownFileType = sourcecode.swift; path = OnBoardingPage.swift; sourceTree = "<group>"; };
		4353EDBD2809642400711D6E /* LoginPage.swift */ = {isa = PBXFileReference; lastKnownFileType = sourcecode.swift; path = LoginPage.swift; sourceTree = "<group>"; };
		4353EDC02809644D00711D6E /* LoginPageModel.swift */ = {isa = PBXFileReference; lastKnownFileType = sourcecode.swift; path = LoginPageModel.swift; sourceTree = "<group>"; };
		4353EDC2280966C300711D6E /* CustonCorners.swift */ = {isa = PBXFileReference; lastKnownFileType = sourcecode.swift; path = CustonCorners.swift; sourceTree = "<group>"; };
		4353EDC42809785200711D6E /* MainPage.swift */ = {isa = PBXFileReference; lastKnownFileType = sourcecode.swift; path = MainPage.swift; sourceTree = "<group>"; };
		4353EDC728097DAB00711D6E /* Home.swift */ = {isa = PBXFileReference; lastKnownFileType = sourcecode.swift; path = Home.swift; sourceTree = "<group>"; };
		4353EDCA280980DA00711D6E /* Product.swift */ = {isa = PBXFileReference; lastKnownFileType = sourcecode.swift; path = Product.swift; sourceTree = "<group>"; };
		4353EDCC2809FADF00711D6E /* HomeViewModel.swift */ = {isa = PBXFileReference; lastKnownFileType = sourcecode.swift; path = HomeViewModel.swift; sourceTree = "<group>"; };
		4353EDCE280A0BA300711D6E /* MoreProductsView.swift */ = {isa = PBXFileReference; lastKnownFileType = sourcecode.swift; path = MoreProductsView.swift; sourceTree = "<group>"; };
		4353EDD0280A0E8500711D6E /* SearchView.swift */ = {isa = PBXFileReference; lastKnownFileType = sourcecode.swift; path = SearchView.swift; sourceTree = "<group>"; };
		4353EDF4280F4B8000711D6E /* StaggeredGrid.swift */ = {isa = PBXFileReference; fileEncoding = 4; lastKnownFileType = sourcecode.swift; path = StaggeredGrid.swift; sourceTree = "<group>"; };
		4353EDF628119C3C00711D6E /* ProfilePage.swift */ = {isa = PBXFileReference; lastKnownFileType = sourcecode.swift; path = ProfilePage.swift; sourceTree = "<group>"; };
		43ADBAC128133E6500DD6E86 /* LikedPage.swift */ = {isa = PBXFileReference; lastKnownFileType = sourcecode.swift; path = LikedPage.swift; sourceTree = "<group>"; };
		43ADBAC328133E8700DD6E86 /* CartPage.swift */ = {isa = PBXFileReference; lastKnownFileType = sourcecode.swift; path = CartPage.swift; sourceTree = "<group>"; };
		43EAC7E32811F46A00101B4F /* ProductDetailView.swift */ = {isa = PBXFileReference; lastKnownFileType = sourcecode.swift; path = ProductDetailView.swift; sourceTree = "<group>"; };
		43EAC7E52811F49A00101B4F /* SharedDataModel.swift */ = {isa = PBXFileReference; lastKnownFileType = sourcecode.swift; path = SharedDataModel.swift; sourceTree = "<group>"; };
/* End PBXFileReference section */

/* Begin PBXFrameworksBuildPhase section */
		4315FB8B2801DAEE0086168B /* Frameworks */ = {
			isa = PBXFrameworksBuildPhase;
			buildActionMask = 2147483647;
			files = (
			);
			runOnlyForDeploymentPostprocessing = 0;
		};
/* End PBXFrameworksBuildPhase section */

/* Begin PBXGroup section */
		4315FB852801DAEE0086168B = {
			isa = PBXGroup;
			children = (
				4315FB902801DAEE0086168B /* E-Commerce-Demo */,
				4315FB8F2801DAEE0086168B /* Products */,
			);
			sourceTree = "<group>";
		};
		4315FB8F2801DAEE0086168B /* Products */ = {
			isa = PBXGroup;
			children = (
				4315FB8E2801DAEE0086168B /* E-Commerce-Demo.app */,
			);
			name = Products;
			sourceTree = "<group>";
		};
		4315FB902801DAEE0086168B /* E-Commerce-Demo */ = {
			isa = PBXGroup;
			children = (
				4353EDC92809805400711D6E /* Model */,
				4353EDBF2809643A00711D6E /* ViewModel */,
				4315FBA52801DDD80086168B /* View */,
				4315FBA42801DCFA0086168B /* Info.plist */,
				4315FBA02801DC4E0086168B /* Fonts */,
				4315FB912801DAEE0086168B /* E_Commerce_DemoApp.swift */,
				4315FB932801DAEE0086168B /* ContentView.swift */,
				4315FB952801DAF00086168B /* Assets.xcassets */,
				4315FB972801DAF00086168B /* Preview Content */,
			);
			path = "E-Commerce-Demo";
			sourceTree = "<group>";
		};
		4315FB972801DAF00086168B /* Preview Content */ = {
			isa = PBXGroup;
			children = (
				4315FB982801DAF00086168B /* Preview Assets.xcassets */,
			);
			path = "Preview Content";
			sourceTree = "<group>";
		};
		4315FBA02801DC4E0086168B /* Fonts */ = {
			isa = PBXGroup;
			children = (
				4315FBA32801DCBD0086168B /* Raleway-Regular.ttf */,
				4315FBA12801DC980086168B /* Raleway-Bold.ttf */,
				4315FBA22801DCAD0086168B /* Raleway-SemiBold.ttf */,
			);
			path = Fonts;
			sourceTree = "<group>";
		};
		4315FBA52801DDD80086168B /* View */ = {
			isa = PBXGroup;
			children = (
				4353EDF4280F4B8000711D6E /* StaggeredGrid.swift */,
				4353EDC628097D9B00711D6E /* TabViews */,
				4315FBA62801DDEB0086168B /* OnBoardingPage.swift */,
				4353EDBD2809642400711D6E /* LoginPage.swift */,
				4353EDC2280966C300711D6E /* CustonCorners.swift */,
				4353EDC42809785200711D6E /* MainPage.swift */,
				4353EDCE280A0BA300711D6E /* MoreProductsView.swift */,
				4353EDD0280A0E8500711D6E /* SearchView.swift */,
				43EAC7E32811F46A00101B4F /* ProductDetailView.swift */,
			);
			path = View;
			sourceTree = "<group>";
		};
		4353EDBF2809643A00711D6E /* ViewModel */ = {
			isa = PBXGroup;
			children = (
				4353EDC02809644D00711D6E /* LoginPageModel.swift */,
				4353EDCC2809FADF00711D6E /* HomeViewModel.swift */,
				43EAC7E52811F49A00101B4F /* SharedDataModel.swift */,
			);
			path = ViewModel;
			sourceTree = "<group>";
		};
		4353EDC628097D9B00711D6E /* TabViews */ = {
			isa = PBXGroup;
			children = (
				4353EDC728097DAB00711D6E /* Home.swift */,
				4353EDF628119C3C00711D6E /* ProfilePage.swift */,
				43ADBAC128133E6500DD6E86 /* LikedPage.swift */,
				43ADBAC328133E8700DD6E86 /* CartPage.swift */,
			);
			path = TabViews;
			sourceTree = "<group>";
		};
		4353EDC92809805400711D6E /* Model */ = {
			isa = PBXGroup;
			children = (
				4353EDCA280980DA00711D6E /* Product.swift */,
			);
			path = Model;
			sourceTree = "<group>";
		};
/* End PBXGroup section */

/* Begin PBXNativeTarget section */
		4315FB8D2801DAEE0086168B /* E-Commerce-Demo */ = {
			isa = PBXNativeTarget;
			buildConfigurationList = 4315FB9C2801DAF00086168B /* Build configuration list for PBXNativeTarget "E-Commerce-Demo" */;
			buildPhases = (
				4315FB8A2801DAEE0086168B /* Sources */,
				4315FB8B2801DAEE0086168B /* Frameworks */,
				4315FB8C2801DAEE0086168B /* Resources */,
			);
			buildRules = (
			);
			dependencies = (
			);
			name = "E-Commerce-Demo";
			productName = "E-Commerce-Demo";
			productReference = 4315FB8E2801DAEE0086168B /* E-Commerce-Demo.app */;
			productType = "com.apple.product-type.application";
		};
/* End PBXNativeTarget section */

/* Begin PBXProject section */
		4315FB862801DAEE0086168B /* Project object */ = {
			isa = PBXProject;
			attributes = {
				BuildIndependentTargetsInParallel = 1;
				LastSwiftUpdateCheck = 1330;
				LastUpgradeCheck = 1330;
				TargetAttributes = {
					4315FB8D2801DAEE0086168B = {
						CreatedOnToolsVersion = 13.3;
					};
				};
			};
			buildConfigurationList = 4315FB892801DAEE0086168B /* Build configuration list for PBXProject "E-Commerce-Demo" */;
			compatibilityVersion = "Xcode 13.0";
			developmentRegion = en;
			hasScannedForEncodings = 0;
			knownRegions = (
				en,
				Base,
			);
			mainGroup = 4315FB852801DAEE0086168B;
			productRefGroup = 4315FB8F2801DAEE0086168B /* Products */;
			projectDirPath = "";
			projectRoot = "";
			targets = (
				4315FB8D2801DAEE0086168B /* E-Commerce-Demo */,
			);
		};
/* End PBXProject section */

/* Begin PBXResourcesBuildPhase section */
		4315FB8C2801DAEE0086168B /* Resources */ = {
			isa = PBXResourcesBuildPhase;
			buildActionMask = 2147483647;
			files = (
				4315FB992801DAF00086168B /* Preview Assets.xcassets in Resources */,
				4315FB962801DAF00086168B /* Assets.xcassets in Resources */,
			);
			runOnlyForDeploymentPostprocessing = 0;
		};
/* End PBXResourcesBuildPhase section */

/* Begin PBXSourcesBuildPhase section */
		4315FB8A2801DAEE0086168B /* Sources */ = {
			isa = PBXSourcesBuildPhase;
			buildActionMask = 2147483647;
			files = (
				4353EDC3280966C300711D6E /* CustonCorners.swift in Sources */,
				4353EDCF280A0BA300711D6E /* MoreProductsView.swift in Sources */,
				43EAC7E62811F49A00101B4F /* SharedDataModel.swift in Sources */,
				4353EDBE2809642400711D6E /* LoginPage.swift in Sources */,
				4353EDF5280F4B8100711D6E /* StaggeredGrid.swift in Sources */,
				4353EDCB280980DA00711D6E /* Product.swift in Sources */,
				4353EDD1280A0E8500711D6E /* SearchView.swift in Sources */,
				4353EDCD2809FADF00711D6E /* HomeViewModel.swift in Sources */,
				4353EDC12809644D00711D6E /* LoginPageModel.swift in Sources */,
				43ADBAC228133E6500DD6E86 /* LikedPage.swift in Sources */,
				43ADBAC428133E8700DD6E86 /* CartPage.swift in Sources */,
				4315FB942801DAEE0086168B /* ContentView.swift in Sources */,
				4315FBA72801DDEB0086168B /* OnBoardingPage.swift in Sources */,
				4353EDF728119C3C00711D6E /* ProfilePage.swift in Sources */,
				43EAC7E42811F46A00101B4F /* ProductDetailView.swift in Sources */,
				4353EDC52809785200711D6E /* MainPage.swift in Sources */,
				4353EDC828097DAB00711D6E /* Home.swift in Sources */,
				4315FB922801DAEE0086168B /* E_Commerce_DemoApp.swift in Sources */,
			);
			runOnlyForDeploymentPostprocessing = 0;
		};
/* End PBXSourcesBuildPhase section */

/* Begin XCBuildConfiguration section */
		4315FB9A2801DAF00086168B /* Debug */ = {
			isa = XCBuildConfiguration;
			buildSettings = {
				ALWAYS_SEARCH_USER_PATHS = NO;
				CLANG_ANALYZER_NONNULL = YES;
				CLANG_ANALYZER_NUMBER_OBJECT_CONVERSION = YES_AGGRESSIVE;
				CLANG_CXX_LANGUAGE_STANDARD = "gnu++17";
				CLANG_ENABLE_MODULES = YES;
				CLANG_ENABLE_OBJC_ARC = YES;
				CLANG_ENABLE_OBJC_WEAK = YES;
				CLANG_WARN_BLOCK_CAPTURE_AUTORELEASING = YES;
				CLANG_WARN_BOOL_CONVERSION = YES;
				CLANG_WARN_COMMA = YES;
				CLANG_WARN_CONSTANT_CONVERSION = YES;
				CLANG_WARN_DEPRECATED_OBJC_IMPLEMENTATIONS = YES;
				CLANG_WARN_DIRECT_OBJC_ISA_USAGE = YES_ERROR;
				CLANG_WARN_DOCUMENTATION_COMMENTS = YES;
				CLANG_WARN_EMPTY_BODY = YES;
				CLANG_WARN_ENUM_CONVERSION = YES;
				CLANG_WARN_INFINITE_RECURSION = YES;
				CLANG_WARN_INT_CONVERSION = YES;
				CLANG_WARN_NON_LITERAL_NULL_CONVERSION = YES;
				CLANG_WARN_OBJC_IMPLICIT_RETAIN_SELF = YES;
				CLANG_WARN_OBJC_LITERAL_CONVERSION = YES;
				CLANG_WARN_OBJC_ROOT_CLASS = YES_ERROR;
				CLANG_WARN_QUOTED_INCLUDE_IN_FRAMEWORK_HEADER = YES;
				CLANG_WARN_RANGE_LOOP_ANALYSIS = YES;
				CLANG_WARN_STRICT_PROTOTYPES = YES;
				CLANG_WARN_SUSPICIOUS_MOVE = YES;
				CLANG_WARN_UNGUARDED_AVAILABILITY = YES_AGGRESSIVE;
				CLANG_WARN_UNREACHABLE_CODE = YES;
				CLANG_WARN__DUPLICATE_METHOD_MATCH = YES;
				COPY_PHASE_STRIP = NO;
				DEBUG_INFORMATION_FORMAT = dwarf;
				ENABLE_STRICT_OBJC_MSGSEND = YES;
				ENABLE_TESTABILITY = YES;
				GCC_C_LANGUAGE_STANDARD = gnu11;
				GCC_DYNAMIC_NO_PIC = NO;
				GCC_NO_COMMON_BLOCKS = YES;
				GCC_OPTIMIZATION_LEVEL = 0;
				GCC_PREPROCESSOR_DEFINITIONS = (
					"DEBUG=1",
					"$(inherited)",
				);
				GCC_WARN_64_TO_32_BIT_CONVERSION = YES;
				GCC_WARN_ABOUT_RETURN_TYPE = YES_ERROR;
				GCC_WARN_UNDECLARED_SELECTOR = YES;
				GCC_WARN_UNINITIALIZED_AUTOS = YES_AGGRESSIVE;
				GCC_WARN_UNUSED_FUNCTION = YES;
				GCC_WARN_UNUSED_VARIABLE = YES;
				IPHONEOS_DEPLOYMENT_TARGET = 15.4;
				MTL_ENABLE_DEBUG_INFO = INCLUDE_SOURCE;
				MTL_FAST_MATH = YES;
				ONLY_ACTIVE_ARCH = YES;
				SDKROOT = iphoneos;
				SWIFT_ACTIVE_COMPILATION_CONDITIONS = DEBUG;
				SWIFT_OPTIMIZATION_LEVEL = "-Onone";
			};
			name = Debug;
		};
		4315FB9B2801DAF00086168B /* Release */ = {
			isa = XCBuildConfiguration;
			buildSettings = {
				ALWAYS_SEARCH_USER_PATHS = NO;
				CLANG_ANALYZER_NONNULL = YES;
				CLANG_ANALYZER_NUMBER_OBJECT_CONVERSION = YES_AGGRESSIVE;
				CLANG_CXX_LANGUAGE_STANDARD = "gnu++17";
				CLANG_ENABLE_MODULES = YES;
				CLANG_ENABLE_OBJC_ARC = YES;
				CLANG_ENABLE_OBJC_WEAK = YES;
				CLANG_WARN_BLOCK_CAPTURE_AUTORELEASING = YES;
				CLANG_WARN_BOOL_CONVERSION = YES;
				CLANG_WARN_COMMA = YES;
				CLANG_WARN_CONSTANT_CONVERSION = YES;
				CLANG_WARN_DEPRECATED_OBJC_IMPLEMENTATIONS = YES;
				CLANG_WARN_DIRECT_OBJC_ISA_USAGE = YES_ERROR;
				CLANG_WARN_DOCUMENTATION_COMMENTS = YES;
				CLANG_WARN_EMPTY_BODY = YES;
				CLANG_WARN_ENUM_CONVERSION = YES;
				CLANG_WARN_INFINITE_RECURSION = YES;
				CLANG_WARN_INT_CONVERSION = YES;
				CLANG_WARN_NON_LITERAL_NULL_CONVERSION = YES;
				CLANG_WARN_OBJC_IMPLICIT_RETAIN_SELF = YES;
				CLANG_WARN_OBJC_LITERAL_CONVERSION = YES;
				CLANG_WARN_OBJC_ROOT_CLASS = YES_ERROR;
				CLANG_WARN_QUOTED_INCLUDE_IN_FRAMEWORK_HEADER = YES;
				CLANG_WARN_RANGE_LOOP_ANALYSIS = YES;
				CLANG_WARN_STRICT_PROTOTYPES = YES;
				CLANG_WARN_SUSPICIOUS_MOVE = YES;
				CLANG_WARN_UNGUARDED_AVAILABILITY = YES_AGGRESSIVE;
				CLANG_WARN_UNREACHABLE_CODE = YES;
				CLANG_WARN__DUPLICATE_METHOD_MATCH = YES;
				COPY_PHASE_STRIP = NO;
				DEBUG_INFORMATION_FORMAT = "dwarf-with-dsym";
				ENABLE_NS_ASSERTIONS = NO;
				ENABLE_STRICT_OBJC_MSGSEND = YES;
				GCC_C_LANGUAGE_STANDARD = gnu11;
				GCC_NO_COMMON_BLOCKS = YES;
				GCC_WARN_64_TO_32_BIT_CONVERSION = YES;
				GCC_WARN_ABOUT_RETURN_TYPE = YES_ERROR;
				GCC_WARN_UNDECLARED_SELECTOR = YES;
				GCC_WARN_UNINITIALIZED_AUTOS = YES_AGGRESSIVE;
				GCC_WARN_UNUSED_FUNCTION = YES;
				GCC_WARN_UNUSED_VARIABLE = YES;
				IPHONEOS_DEPLOYMENT_TARGET = 15.4;
				MTL_ENABLE_DEBUG_INFO = NO;
				MTL_FAST_MATH = YES;
				SDKROOT = iphoneos;
				SWIFT_COMPILATION_MODE = wholemodule;
				SWIFT_OPTIMIZATION_LEVEL = "-O";
				VALIDATE_PRODUCT = YES;
			};
			name = Release;
		};
		4315FB9D2801DAF00086168B /* Debug */ = {
			isa = XCBuildConfiguration;
			buildSettings = {
				ASSETCATALOG_COMPILER_APPICON_NAME = AppIcon;
				ASSETCATALOG_COMPILER_GLOBAL_ACCENT_COLOR_NAME = AccentColor;
				CODE_SIGN_STYLE = Automatic;
				CURRENT_PROJECT_VERSION = 1;
				DEVELOPMENT_ASSET_PATHS = "\"E-Commerce-Demo/Preview Content\"";
				DEVELOPMENT_TEAM = M3C8BZ4H8Y;
				ENABLE_PREVIEWS = YES;
				GENERATE_INFOPLIST_FILE = YES;
				INFOPLIST_FILE = "E-Commerce-Demo/Info.plist";
				INFOPLIST_KEY_UIApplicationSceneManifest_Generation = YES;
				INFOPLIST_KEY_UIApplicationSupportsIndirectInputEvents = YES;
				INFOPLIST_KEY_UILaunchScreen_Generation = YES;
				INFOPLIST_KEY_UISupportedInterfaceOrientations_iPad = "UIInterfaceOrientationPortrait UIInterfaceOrientationPortraitUpsideDown UIInterfaceOrientationLandscapeLeft UIInterfaceOrientationLandscapeRight";
				INFOPLIST_KEY_UISupportedInterfaceOrientations_iPhone = "UIInterfaceOrientationPortrait UIInterfaceOrientationLandscapeLeft UIInterfaceOrientationLandscapeRight";
				LD_RUNPATH_SEARCH_PATHS = (
					"$(inherited)",
					"@executable_path/Frameworks",
				);
				MARKETING_VERSION = 1.0;
				PRODUCT_BUNDLE_IDENTIFIER = "talspektor.E-Commerce-Demo";
				PRODUCT_NAME = "$(TARGET_NAME)";
				SWIFT_EMIT_LOC_STRINGS = YES;
				SWIFT_VERSION = 5.0;
				TARGETED_DEVICE_FAMILY = "1,2";
			};
			name = Debug;
		};
		4315FB9E2801DAF00086168B /* Release */ = {
			isa = XCBuildConfiguration;
			buildSettings = {
				ASSETCATALOG_COMPILER_APPICON_NAME = AppIcon;
				ASSETCATALOG_COMPILER_GLOBAL_ACCENT_COLOR_NAME = AccentColor;
				CODE_SIGN_STYLE = Automatic;
				CURRENT_PROJECT_VERSION = 1;
				DEVELOPMENT_ASSET_PATHS = "\"E-Commerce-Demo/Preview Content\"";
				DEVELOPMENT_TEAM = M3C8BZ4H8Y;
				ENABLE_PREVIEWS = YES;
				GENERATE_INFOPLIST_FILE = YES;
				INFOPLIST_FILE = "E-Commerce-Demo/Info.plist";
				INFOPLIST_KEY_UIApplicationSceneManifest_Generation = YES;
				INFOPLIST_KEY_UIApplicationSupportsIndirectInputEvents = YES;
				INFOPLIST_KEY_UILaunchScreen_Generation = YES;
				INFOPLIST_KEY_UISupportedInterfaceOrientations_iPad = "UIInterfaceOrientationPortrait UIInterfaceOrientationPortraitUpsideDown UIInterfaceOrientationLandscapeLeft UIInterfaceOrientationLandscapeRight";
				INFOPLIST_KEY_UISupportedInterfaceOrientations_iPhone = "UIInterfaceOrientationPortrait UIInterfaceOrientationLandscapeLeft UIInterfaceOrientationLandscapeRight";
				LD_RUNPATH_SEARCH_PATHS = (
					"$(inherited)",
					"@executable_path/Frameworks",
				);
				MARKETING_VERSION = 1.0;
				PRODUCT_BUNDLE_IDENTIFIER = "talspektor.E-Commerce-Demo";
				PRODUCT_NAME = "$(TARGET_NAME)";
				SWIFT_EMIT_LOC_STRINGS = YES;
				SWIFT_VERSION = 5.0;
				TARGETED_DEVICE_FAMILY = "1,2";
			};
			name = Release;
		};
/* End XCBuildConfiguration section */

/* Begin XCConfigurationList section */
		4315FB892801DAEE0086168B /* Build configuration list for PBXProject "E-Commerce-Demo" */ = {
			isa = XCConfigurationList;
			buildConfigurations = (
				4315FB9A2801DAF00086168B /* Debug */,
				4315FB9B2801DAF00086168B /* Release */,
			);
			defaultConfigurationIsVisible = 0;
			defaultConfigurationName = Release;
		};
		4315FB9C2801DAF00086168B /* Build configuration list for PBXNativeTarget "E-Commerce-Demo" */ = {
			isa = XCConfigurationList;
			buildConfigurations = (
				4315FB9D2801DAF00086168B /* Debug */,
				4315FB9E2801DAF00086168B /* Release */,
			);
			defaultConfigurationIsVisible = 0;
			defaultConfigurationName = Release;
		};
/* End XCConfigurationList section */
	};
	rootObject = 4315FB862801DAEE0086168B /* Project object */;
}
